
Microsoft Visual Studio Solution File, Format Version 12.00
# Visual Studio Version 16
VisualStudioVersion = 16.0.29613.14
MinimumVisualStudioVersion = 10.0.40219.1
Project("{FAE04EC0-301F-11D3-BF4B-00C04F79EFBC}") = "CheckMyGames", "CheckMyGames\CheckMyGames.csproj", "{71BBCABB-6439-4318-B459-F4B42FC62D05}"
EndProject
Global
	GlobalSection(SolutionConfigurationPlatforms) = preSolution
		Debug|Any CPU = Debug|Any CPU
		Release|Any CPU = Release|Any CPU
	EndGlobalSection
	GlobalSection(ProjectConfigurationPlatforms) = postSolution
		{71BBCABB-6439-4318-B459-F4B42FC62D05}.Debug|Any CPU.ActiveCfg = Debug|Any CPU
		{71BBCABB-6439-4318-B459-F4B42FC62D05}.Debug|Any CPU.Build.0 = Debug|Any CPU
		{71BBCABB-6439-4318-B459-F4B42FC62D05}.Release|Any CPU.ActiveCfg = Release|Any CPU
		{71BBCABB-6439-4318-B459-F4B42FC62D05}.Release|Any CPU.Build.0 = Release|Any CPU
	EndGlobalSection
	GlobalSection(SolutionProperties) = preSolution
		HideSolutionNode = FALSE
	EndGlobalSection
	GlobalSection(ExtensibilityGlobals) = postSolution
		SolutionGuid = {03DC11FB-5C98-4ADD-A8AB-38D9877FF645}
	EndGlobalSection
EndGlobal
